{
  "nodes": {
    "agenix": {
      "inputs": {
        "nixpkgs": [
          "nixpkgs"
        ]
      },
      "locked": {
        "lastModified": 1665870395,
        "narHash": "sha256-Tsbqb27LDNxOoPLh0gw2hIb6L/6Ow/6lIBvqcHzEKBI=",
        "owner": "ryantm",
        "repo": "agenix",
        "rev": "a630400067c6d03c9b3e0455347dc8559db14288",
        "type": "github"
      },
      "original": {
        "owner": "ryantm",
        "repo": "agenix",
        "type": "github"
      }
    },
    "annodate": {
      "inputs": {
        "nixpkgs": "nixpkgs"
      },
      "locked": {
        "lastModified": 1650389642,
        "narHash": "sha256-zhTOzAOSoKvQ+Y7lO0iJMferU72iQVvbH+P0oHuW7m0=",
        "owner": "myme",
        "repo": "annodate",
        "rev": "9a167034023eeba880232cd3d127d99cd85a3d00",
        "type": "github"
      },
      "original": {
        "owner": "myme",
        "repo": "annodate",
        "type": "github"
      }
    },
    "doomemacs": {
      "flake": false,
      "locked": {
        "lastModified": 1667229496,
        "narHash": "sha256-SURAFrtblyvkflQz1cEQogfo31UzSvKd+UOgczUyJ8k=",
        "owner": "doomemacs",
        "repo": "doomemacs",
        "rev": "9d4d5b756a8598c4b5c842e9f1f33148af2af8fd",
        "type": "github"
      },
      "original": {
        "owner": "doomemacs",
        "repo": "doomemacs",
        "type": "github"
      }
    },
    "flake-compat": {
      "flake": false,
      "locked": {
        "lastModified": 1650374568,
        "narHash": "sha256-Z+s0J8/r907g149rllvwhb4pKi8Wam5ij0st8PwAh+E=",
        "owner": "edolstra",
        "repo": "flake-compat",
        "rev": "b4a34015c698c7793d592d66adbab377907a2be8",
        "type": "github"
      },
      "original": {
        "owner": "edolstra",
        "repo": "flake-compat",
        "type": "github"
      }
    },
    "flake-utils": {
      "locked": {
        "lastModified": 1667395993,
        "narHash": "sha256-nuEHfE/LcWyuSWnS8t12N1wc105Qtau+/OdUAjtQ0rA=",
        "owner": "numtide",
        "repo": "flake-utils",
        "rev": "5aed5285a952e0b949eb3ba02c12fa4fcfef535f",
        "type": "github"
      },
      "original": {
        "owner": "numtide",
        "repo": "flake-utils",
        "type": "github"
      }
    },
    "flake-utils_2": {
      "locked": {
        "lastModified": 1638122382,
        "narHash": "sha256-sQzZzAbvKEqN9s0bzWuYmRaA03v40gaJ4+iL1LXjaeI=",
        "owner": "numtide",
        "repo": "flake-utils",
        "rev": "74f7e4319258e287b0f9cb95426c9853b282730b",
        "type": "github"
      },
      "original": {
        "owner": "numtide",
        "repo": "flake-utils",
        "type": "github"
      }
    },
    "flake-utils_3": {
      "locked": {
        "lastModified": 1667395993,
        "narHash": "sha256-nuEHfE/LcWyuSWnS8t12N1wc105Qtau+/OdUAjtQ0rA=",
        "owner": "numtide",
        "repo": "flake-utils",
        "rev": "5aed5285a952e0b949eb3ba02c12fa4fcfef535f",
        "type": "github"
      },
      "original": {
        "owner": "numtide",
        "repo": "flake-utils",
        "type": "github"
      }
    },
    "home-manager": {
      "inputs": {
        "nixpkgs": [
          "nixpkgs"
        ],
        "utils": "utils"
      },
      "locked": {
        "lastModified": 1669825171,
        "narHash": "sha256-HxlZHSiRGXnWAFbIJMeujqBe2KgACYx5XDRY0EA9P+4=",
        "owner": "nix-community",
        "repo": "home-manager",
        "rev": "478610aa37c8339eacabfa03f07dacf5574edd47",
        "type": "github"
      },
      "original": {
        "owner": "nix-community",
        "ref": "master",
        "repo": "home-manager",
        "type": "github"
      }
    },
    "i3ws": {
      "inputs": {
        "flake-utils": "flake-utils_2",
        "nixpkgs": "nixpkgs_2"
      },
      "locked": {
        "lastModified": 1642599084,
        "narHash": "sha256-IB4CgkYAZpCd7WhCGoDNaoF9JT1QbGAPGZyD8uPzaqw=",
        "owner": "myme",
        "repo": "i3ws",
        "rev": "a7e764c7e6a3e04a0d1c2c4520769a0da6ad013e",
        "type": "github"
      },
      "original": {
        "owner": "myme",
        "repo": "i3ws",
        "type": "github"
      }
    },
    "nixon": {
      "inputs": {
        "nixpkgs": "nixpkgs_3"
      },
      "locked": {
        "lastModified": 1667905301,
        "narHash": "sha256-PC1vpaj7cG1S2ogwOAxBMGs0G5yTPZ4Hw18tsXtVCZs=",
        "owner": "myme",
        "repo": "nixon",
        "rev": "d2c1a65da2485327aed32b5787376d51a1d43515",
        "type": "github"
      },
      "original": {
        "owner": "myme",
        "repo": "nixon",
        "type": "github"
      }
    },
    "nixos-wsl": {
      "inputs": {
        "flake-compat": "flake-compat",
        "flake-utils": "flake-utils_3",
        "nixpkgs": "nixpkgs_4"
      },
      "locked": {
        "lastModified": 1667937287,
        "narHash": "sha256-FQe1VOJzl52gZb4GaU14In5jRL/HrWOMNSe4MaLc6dc=",
        "owner": "myme",
        "repo": "NixOS-WSL",
        "rev": "9cda699fbc77c20f7acd08b67efb9a98363cd30b",
        "type": "github"
      },
      "original": {
        "owner": "myme",
        "ref": "login-shell",
        "repo": "NixOS-WSL",
        "type": "github"
      }
    },
    "nixpkgs": {
      "locked": {
        "lastModified": 1650194139,
        "narHash": "sha256-kurZsqeOw5fpqA/Ig+8tHvbjwzs5P9AE6WUKOX1m6qM=",
        "owner": "NixOS",
        "repo": "nixpkgs",
        "rev": "bd4dffcdb7c577d74745bd1eff6230172bd176d5",
        "type": "github"
      },
      "original": {
        "id": "nixpkgs",
        "type": "indirect"
      }
    },
    "nixpkgs_2": {
      "locked": {
        "lastModified": 1642160200,
        "narHash": "sha256-5mb1nvh2vWlnKvyJzGNKsL7AQRFk+H5E/Xh83fTzYG4=",
        "owner": "NixOS",
        "repo": "nixpkgs",
        "rev": "e5a50e8f2995ff359a170d52cc40adbcfdd92ba4",
        "type": "github"
      },
      "original": {
        "id": "nixpkgs",
        "type": "indirect"
      }
    },
    "nixpkgs_3": {
      "locked": {
        "lastModified": 1658912196,
        "narHash": "sha256-GTP5XCLPU2Hg2bQC5dVqSBF9ef5C/J6pD4qM09Ba4Gk=",
        "owner": "NixOS",
        "repo": "nixpkgs",
        "rev": "d9536b9b1e33377fb520e115bc8588d093ed97be",
        "type": "github"
      },
      "original": {
        "owner": "NixOS",
        "ref": "nixos-22.05",
        "repo": "nixpkgs",
        "type": "github"
      }
    },
    "nixpkgs_4": {
      "locked": {
        "lastModified": 1667653703,
        "narHash": "sha256-Xow4vx52/g5zkhlgZnMEm/TEXsj+13jTPCc2jIhW1xU=",
        "owner": "NixOS",
        "repo": "nixpkgs",
        "rev": "f09ad462c5a121d0239fde645aacb2221553a217",
        "type": "github"
      },
      "original": {
        "id": "nixpkgs",
        "ref": "nixos-22.05",
        "type": "indirect"
      }
    },
    "nixpkgs_5": {
      "locked": {
        "lastModified": 1669791787,
        "narHash": "sha256-KBfoA2fOI5+wCrm7PR+j7jHqXeTkVRPQ0m5fcKchyuU=",
        "owner": "NixOS",
        "repo": "nixpkgs",
        "rev": "e76c78d20685a043d23f5f9e0ccd2203997f1fb1",
        "type": "github"
      },
      "original": {
        "owner": "NixOS",
        "ref": "nixos-unstable",
        "repo": "nixpkgs",
        "type": "github"
      }
    },
    "root": {
      "inputs": {
        "agenix": "agenix",
        "annodate": "annodate",
        "doomemacs": "doomemacs",
        "flake-utils": "flake-utils",
        "home-manager": "home-manager",
        "i3ws": "i3ws",
        "nixon": "nixon",
        "nixos-wsl": "nixos-wsl",
        "nixpkgs": "nixpkgs_5",
        "wallpapers": "wallpapers"
      }
    },
    "utils": {
      "locked": {
        "lastModified": 1667395993,
        "narHash": "sha256-nuEHfE/LcWyuSWnS8t12N1wc105Qtau+/OdUAjtQ0rA=",
        "owner": "numtide",
        "repo": "flake-utils",
        "rev": "5aed5285a952e0b949eb3ba02c12fa4fcfef535f",
        "type": "github"
      },
      "original": {
        "owner": "numtide",
        "repo": "flake-utils",
        "type": "github"
      }
    },
    "wallpapers": {
      "flake": false,
      "locked": {
        "lastModified": 1639647132,
        "narHash": "sha256-/azIBZSA2S4AtL4eCeBF+uThiuGzT6gW8szs01apTFA=",
        "owner": "myme",
        "repo": "wallpapers",
        "rev": "eaffdac2c6891fe42dd7a66445bbb763326dc62c",
        "type": "gitlab"
      },
      "original": {
        "owner": "myme",
        "repo": "wallpapers",
        "type": "gitlab"
      }
    }
  },
  "root": "root",
  "version": 7
}
