name: update-flake-lock

on:
  workflow_dispatch:
  schedule:
    - cron: '0 4 * * 1' # Mondays 04:00 UTC

jobs:
  lockfile:
    runs-on: ubuntu-latest
    steps:
      - uses: actions/checkout@v4
      - uses: DeterminateSystems/nix-installer-action@main
      - uses: DeterminateSystems/update-flake-lock@main
        with:
          pr-title: "flake.lock: weekly update"
          pr-labels: dependencies
          commit-msg: "flake.lock: weekly update"
